
Microsoft Visual Studio Solution File, Format Version 12.00
# Visual Studio Version 17
VisualStudioVersion = 17.14.36202.13 d17.14
MinimumVisualStudioVersion = 10.0.40219.1
Project("{FAE04EC0-301F-11D3-BF4B-00C04F79EFBC}") = "BlazorWithTranslations", "BlazorWithTranslations\BlazorWithTranslations.csproj", "{1A163274-C037-43CC-8DD4-3858A7692360}"
EndProject
Global
	GlobalSection(SolutionConfigurationPlatforms) = preSolution
		Debug|Any CPU = Debug|Any CPU
		Release|Any CPU = Release|Any CPU
	EndGlobalSection
	GlobalSection(ProjectConfigurationPlatforms) = postSolution
		{1A163274-C037-43CC-8DD4-3858A7692360}.Debug|Any CPU.ActiveCfg = Debug|Any CPU
		{1A163274-C037-43CC-8DD4-3858A7692360}.Debug|Any CPU.Build.0 = Debug|Any CPU
		{1A163274-C037-43CC-8DD4-3858A7692360}.Release|Any CPU.ActiveCfg = Release|Any CPU
		{1A163274-C037-43CC-8DD4-3858A7692360}.Release|Any CPU.Build.0 = Release|Any CPU
	EndGlobalSection
	GlobalSection(SolutionProperties) = preSolution
		HideSolutionNode = FALSE
	EndGlobalSection
	GlobalSection(ExtensibilityGlobals) = postSolution
		SolutionGuid = {21698D5A-CBFA-4793-9940-51589A242ED6}
	EndGlobalSection
EndGlobal
